
Microsoft Visual Studio Solution File, Format Version 12.00
# Visual Studio Version 16
VisualStudioVersion = 16.0.30114.105
MinimumVisualStudioVersion = 10.0.40219.1
Project("{FAE04EC0-301F-11D3-BF4B-00C04F79EFBC}") = "CO453_WebApplication", "CO453_WebApplication\CO453_WebApplication.csproj", "{2851E22C-3FCC-4531-AD1D-8E03F69F3866}"
EndProject
Global
	GlobalSection(SolutionConfigurationPlatforms) = preSolution
		Debug|Any CPU = Debug|Any CPU
		Release|Any CPU = Release|Any CPU
	EndGlobalSection
	GlobalSection(ProjectConfigurationPlatforms) = postSolution
		{2851E22C-3FCC-4531-AD1D-8E03F69F3866}.Debug|Any CPU.ActiveCfg = Debug|Any CPU
		{2851E22C-3FCC-4531-AD1D-8E03F69F3866}.Debug|Any CPU.Build.0 = Debug|Any CPU
		{2851E22C-3FCC-4531-AD1D-8E03F69F3866}.Release|Any CPU.ActiveCfg = Release|Any CPU
		{2851E22C-3FCC-4531-AD1D-8E03F69F3866}.Release|Any CPU.Build.0 = Release|Any CPU
	EndGlobalSection
	GlobalSection(SolutionProperties) = preSolution
		HideSolutionNode = FALSE
	EndGlobalSection
	GlobalSection(ExtensibilityGlobals) = postSolution
		SolutionGuid = {2D3D468C-5413-4D7F-A0BD-B0D19AD1E981}
	EndGlobalSection
EndGlobal
